
Microsoft Visual Studio Solution File, Format Version 12.00
# Visual Studio Version 16
VisualStudioVersion = 16.0.32106.194
MinimumVisualStudioVersion = 10.0.40219.1
Project("{9A19103F-16F7-4668-BE54-9A1E7A4F7556}") = "MiniERP.ArticleService", "MiniERP.ArticleService\MiniERP.ArticleService.csproj", "{4FEB3D94-A7FB-4927-A306-77181BA6C9B9}"
EndProject
Project("{9A19103F-16F7-4668-BE54-9A1E7A4F7556}") = "MiniERP.InventoryService", "MiniERP.InventoryService\MiniERP.InventoryService.csproj", "{3AEEDEED-81B2-4587-BCB6-9A77DA6F7F24}"
EndProject
Global
	GlobalSection(SolutionConfigurationPlatforms) = preSolution
		Debug|Any CPU = Debug|Any CPU
		Release|Any CPU = Release|Any CPU
	EndGlobalSection
	GlobalSection(ProjectConfigurationPlatforms) = postSolution
		{4FEB3D94-A7FB-4927-A306-77181BA6C9B9}.Debug|Any CPU.ActiveCfg = Debug|Any CPU
		{4FEB3D94-A7FB-4927-A306-77181BA6C9B9}.Debug|Any CPU.Build.0 = Debug|Any CPU
		{4FEB3D94-A7FB-4927-A306-77181BA6C9B9}.Release|Any CPU.ActiveCfg = Release|Any CPU
		{4FEB3D94-A7FB-4927-A306-77181BA6C9B9}.Release|Any CPU.Build.0 = Release|Any CPU
		{3AEEDEED-81B2-4587-BCB6-9A77DA6F7F24}.Debug|Any CPU.ActiveCfg = Debug|Any CPU
		{3AEEDEED-81B2-4587-BCB6-9A77DA6F7F24}.Debug|Any CPU.Build.0 = Debug|Any CPU
		{3AEEDEED-81B2-4587-BCB6-9A77DA6F7F24}.Release|Any CPU.ActiveCfg = Release|Any CPU
		{3AEEDEED-81B2-4587-BCB6-9A77DA6F7F24}.Release|Any CPU.Build.0 = Release|Any CPU
	EndGlobalSection
	GlobalSection(SolutionProperties) = preSolution
		HideSolutionNode = FALSE
	EndGlobalSection
	GlobalSection(ExtensibilityGlobals) = postSolution
		SolutionGuid = {BB4DADF9-8D0F-4BF2-9285-D978FB7EF611}
	EndGlobalSection
EndGlobal
